{
  "name": "mini-expense",
  "lockfileVersion": 3,
  "requires": true,
  "packages": {
    "": {
      "dependencies": {
        "motion": "^12.23.12"
      },
      "devDependencies": {
        "@biomejs/biome": "2.1.4"
      }
    },
    "node_modules/@biomejs/biome": {
      "version": "2.1.4",
      "resolved": "https://registry.npmjs.org/@biomejs/biome/-/biome-2.1.4.tgz",
      "integrity": "sha512-QWlrqyxsU0FCebuMnkvBIkxvPqH89afiJzjMl+z67ybutse590jgeaFdDurE9XYtzpjRGTI1tlUZPGWmbKsElA==",
      "dev": true,
      "license": "MIT OR Apache-2.0",
      "bin": {
        "biome": "bin/biome"
      },
      "engines": {
        "node": ">=14.21.3"
      },
      "funding": {
        "type": "opencollective",
        "url": "https://opencollective.com/biome"
      },
      "optionalDependencies": {
        "@biomejs/cli-darwin-arm64": "2.1.4",
        "@biomejs/cli-darwin-x64": "2.1.4",
        "@biomejs/cli-linux-arm64": "2.1.4",
        "@biomejs/cli-linux-arm64-musl": "2.1.4",
        "@biomejs/cli-linux-x64": "2.1.4",
        "@biomejs/cli-linux-x64-musl": "2.1.4",
        "@biomejs/cli-win32-arm64": "2.1.4",
        "@biomejs/cli-win32-x64": "2.1.4"
      }
    },
    "node_modules/@biomejs/cli-darwin-arm64": {
      "version": "2.1.4",
      "resolved": "https://registry.npmjs.org/@biomejs/cli-darwin-arm64/-/cli-darwin-arm64-2.1.4.tgz",
      "integrity": "sha512-sCrNENE74I9MV090Wq/9Dg7EhPudx3+5OiSoQOkIe3DLPzFARuL1dOwCWhKCpA3I5RHmbrsbNSRfZwCabwd8Qg==",
      "cpu": [
        "arm64"
      ],
      "dev": true,
      "license": "MIT OR Apache-2.0",
      "optional": true,
      "os": [
        "darwin"
      ],
      "engines": {
        "node": ">=14.21.3"
      }
    },
    "node_modules/@biomejs/cli-darwin-x64": {
      "version": "2.1.4",
      "resolved": "https://registry.npmjs.org/@biomejs/cli-darwin-x64/-/cli-darwin-x64-2.1.4.tgz",
      "integrity": "sha512-gOEICJbTCy6iruBywBDcG4X5rHMbqCPs3clh3UQ+hRKlgvJTk4NHWQAyHOXvaLe+AxD1/TNX1jbZeffBJzcrOw==",
      "cpu": [
        "x64"
      ],
      "dev": true,
      "license": "MIT OR Apache-2.0",
      "optional": true,
      "os": [
        "darwin"
      ],
      "engines": {
        "node": ">=14.21.3"
      }
    },
    "node_modules/@biomejs/cli-linux-arm64": {
      "version": "2.1.4",
      "resolved": "https://registry.npmjs.org/@biomejs/cli-linux-arm64/-/cli-linux-arm64-2.1.4.tgz",
      "integrity": "sha512-juhEkdkKR4nbUi5k/KRp1ocGPNWLgFRD4NrHZSveYrD6i98pyvuzmS9yFYgOZa5JhaVqo0HPnci0+YuzSwT2fw==",
      "cpu": [
        "arm64"
      ],
      "dev": true,
      "license": "MIT OR Apache-2.0",
      "optional": true,
      "os": [
        "linux"
      ],
      "engines": {
        "node": ">=14.21.3"
      }
    },
    "node_modules/@biomejs/cli-linux-arm64-musl": {
      "version": "2.1.4",
      "resolved": "https://registry.npmjs.org/@biomejs/cli-linux-arm64-musl/-/cli-linux-arm64-musl-2.1.4.tgz",
      "integrity": "sha512-nYr7H0CyAJPaLupFE2cH16KZmRC5Z9PEftiA2vWxk+CsFkPZQ6dBRdcC6RuS+zJlPc/JOd8xw3uCCt9Pv41WvQ==",
      "cpu": [
        "arm64"
      ],
      "dev": true,
      "license": "MIT OR Apache-2.0",
      "optional": true,
      "os": [
        "linux"
      ],
      "engines": {
        "node": ">=14.21.3"
      }
    },
    "node_modules/@biomejs/cli-linux-x64": {
      "version": "2.1.4",
      "resolved": "https://registry.npmjs.org/@biomejs/cli-linux-x64/-/cli-linux-x64-2.1.4.tgz",
      "integrity": "sha512-Eoy9ycbhpJVYuR+LskV9s3uyaIkp89+qqgqhGQsWnp/I02Uqg2fXFblHJOpGZR8AxdB9ADy87oFVxn9MpFKUrw==",
      "cpu": [
        "x64"
      ],
      "dev": true,
      "license": "MIT OR Apache-2.0",
      "optional": true,
      "os": [
        "linux"
      ],
      "engines": {
        "node": ">=14.21.3"
      }
    },
    "node_modules/@biomejs/cli-linux-x64-musl": {
      "version": "2.1.4",
      "resolved": "https://registry.npmjs.org/@biomejs/cli-linux-x64-musl/-/cli-linux-x64-musl-2.1.4.tgz",
      "integrity": "sha512-lvwvb2SQQHctHUKvBKptR6PLFCM7JfRjpCCrDaTmvB7EeZ5/dQJPhTYBf36BE/B4CRWR2ZiBLRYhK7hhXBCZAg==",
      "cpu": [
        "x64"
      ],
      "dev": true,
      "license": "MIT OR Apache-2.0",
      "optional": true,
      "os": [
        "linux"
      ],
      "engines": {
        "node": ">=14.21.3"
      }
    },
    "node_modules/@biomejs/cli-win32-arm64": {
      "version": "2.1.4",
      "resolved": "https://registry.npmjs.org/@biomejs/cli-win32-arm64/-/cli-win32-arm64-2.1.4.tgz",
      "integrity": "sha512-3WRYte7orvyi6TRfIZkDN9Jzoogbv+gSvR+b9VOXUg1We1XrjBg6WljADeVEaKTvOcpVdH0a90TwyOQ6ue4fGw==",
      "cpu": [
        "arm64"
      ],
      "dev": true,
      "license": "MIT OR Apache-2.0",
      "optional": true,
      "os": [
        "win32"
      ],
      "engines": {
        "node": ">=14.21.3"
      }
    },
    "node_modules/@biomejs/cli-win32-x64": {
      "version": "2.1.4",
      "resolved": "https://registry.npmjs.org/@biomejs/cli-win32-x64/-/cli-win32-x64-2.1.4.tgz",
      "integrity": "sha512-tBc+W7anBPSFXGAoQW+f/+svkpt8/uXfRwDzN1DvnatkRMt16KIYpEi/iw8u9GahJlFv98kgHcIrSsZHZTR0sw==",
      "cpu": [
        "x64"
      ],
      "dev": true,
      "license": "MIT OR Apache-2.0",
      "optional": true,
      "os": [
        "win32"
      ],
      "engines": {
        "node": ">=14.21.3"
      }
    },
    "node_modules/framer-motion": {
      "version": "12.23.12",
      "resolved": "https://registry.npmjs.org/framer-motion/-/framer-motion-12.23.12.tgz",
      "integrity": "sha512-6e78rdVtnBvlEVgu6eFEAgG9v3wLnYEboM8I5O5EXvfKC8gxGQB8wXJdhkMy10iVcn05jl6CNw7/HTsTCfwcWg==",
      "license": "MIT",
      "dependencies": {
        "motion-dom": "^12.23.12",
        "motion-utils": "^12.23.6",
        "tslib": "^2.4.0"
      },
      "peerDependencies": {
        "@emotion/is-prop-valid": "*",
        "react": "^18.0.0 || ^19.0.0",
        "react-dom": "^18.0.0 || ^19.0.0"
      },
      "peerDependenciesMeta": {
        "@emotion/is-prop-valid": {
          "optional": true
        },
        "react": {
          "optional": true
        },
        "react-dom": {
          "optional": true
        }
      }
    },
    "node_modules/motion": {
      "version": "12.23.12",
      "resolved": "https://registry.npmjs.org/motion/-/motion-12.23.12.tgz",
      "integrity": "sha512-8jCD8uW5GD1csOoqh1WhH1A6j5APHVE15nuBkFeRiMzYBdRwyAHmSP/oXSuW0WJPZRXTFdBoG4hY9TFWNhhwng==",
      "license": "MIT",
      "dependencies": {
        "framer-motion": "^12.23.12",
        "tslib": "^2.4.0"
      },
      "peerDependencies": {
        "@emotion/is-prop-valid": "*",
        "react": "^18.0.0 || ^19.0.0",
        "react-dom": "^18.0.0 || ^19.0.0"
      },
      "peerDependenciesMeta": {
        "@emotion/is-prop-valid": {
          "optional": true
        },
        "react": {
          "optional": true
        },
        "react-dom": {
          "optional": true
        }
      }
    },
    "node_modules/motion-dom": {
      "version": "12.23.12",
      "resolved": "https://registry.npmjs.org/motion-dom/-/motion-dom-12.23.12.tgz",
      "integrity": "sha512-RcR4fvMCTESQBD/uKQe49D5RUeDOokkGRmz4ceaJKDBgHYtZtntC/s2vLvY38gqGaytinij/yi3hMcWVcEF5Kw==",
      "license": "MIT",
      "dependencies": {
        "motion-utils": "^12.23.6"
      }
    },
    "node_modules/motion-utils": {
      "version": "12.23.6",
      "resolved": "https://registry.npmjs.org/motion-utils/-/motion-utils-12.23.6.tgz",
      "integrity": "sha512-eAWoPgr4eFEOFfg2WjIsMoqJTW6Z8MTUCgn/GZ3VRpClWBdnbjryiA3ZSNLyxCTmCQx4RmYX6jX1iWHbenUPNQ==",
      "license": "MIT"
    },
    "node_modules/tslib": {
      "version": "2.8.1",
      "resolved": "https://registry.npmjs.org/tslib/-/tslib-2.8.1.tgz",
      "integrity": "sha512-oJFu94HQb+KVduSUQL7wnpmqnfmLsOA/nAh6b6EH0wCEoK0/mPeXU6c3wKDV83MkOuHPRHtSXKKU99IBazS/2w==",
      "license": "0BSD"
    }
  }
}
